
Microsoft Visual Studio Solution File, Format Version 9.00
# Visual Studio 2005
Project("{E24C65DC-7377-472B-9ABA-BC803B73C61A}") = "C:\...\Ex20_4\", ".", "{122B51C5-CC76-4970-94B1-F7AA0E69E1A4}"
	ProjectSection(WebsiteProperties) = preProject
		Debug.AspNetCompiler.VirtualPath = "/Ex20_4"
		Debug.AspNetCompiler.PhysicalPath = "..\..\..\..\Desktop\Ex20_4\"
		Debug.AspNetCompiler.TargetPath = "PrecompiledWeb\Ex20_4\"
		Debug.AspNetCompiler.Updateable = "true"
		Debug.AspNetCompiler.ForceOverwrite = "true"
		Debug.AspNetCompiler.FixedNames = "false"
		Debug.AspNetCompiler.Debug = "True"
		Release.AspNetCompiler.VirtualPath = "/Ex20_4"
		Release.AspNetCompiler.PhysicalPath = "..\..\..\..\Desktop\Ex20_4\"
		Release.AspNetCompiler.TargetPath = "PrecompiledWeb\Ex20_4\"
		Release.AspNetCompiler.Updateable = "true"
		Release.AspNetCompiler.ForceOverwrite = "true"
		Release.AspNetCompiler.FixedNames = "false"
		Release.AspNetCompiler.Debug = "False"
		VWDPort = "3364"
		DefaultWebSiteLanguage = "Visual C#"
	EndProjectSection
EndProject
Global
	GlobalSection(SolutionConfigurationPlatforms) = preSolution
		Debug|.NET = Debug|.NET
	EndGlobalSection
	GlobalSection(ProjectConfigurationPlatforms) = postSolution
		{122B51C5-CC76-4970-94B1-F7AA0E69E1A4}.Debug|.NET.ActiveCfg = Debug|.NET
		{122B51C5-CC76-4970-94B1-F7AA0E69E1A4}.Debug|.NET.Build.0 = Debug|.NET
	EndGlobalSection
	GlobalSection(SolutionProperties) = preSolution
		HideSolutionNode = FALSE
	EndGlobalSection
EndGlobal
