
Microsoft Visual Studio Solution File, Format Version 9.00
# Visual Studio 2005
Project("{E24C65DC-7377-472B-9ABA-BC803B73C61A}") = "C:\WebProjects\Ex21_3\", ".", "{B7BB410D-617C-4B5D-AF28-1409F20A5508}"
	ProjectSection(WebsiteProperties) = preProject
		Debug.AspNetCompiler.VirtualPath = "/Ex21_3"
		Debug.AspNetCompiler.PhysicalPath = "..\..\..\..\..\..\WebProjects\Ex21_3\"
		Debug.AspNetCompiler.TargetPath = "PrecompiledWeb\Ex21_3\"
		Debug.AspNetCompiler.Updateable = "true"
		Debug.AspNetCompiler.ForceOverwrite = "true"
		Debug.AspNetCompiler.FixedNames = "false"
		Debug.AspNetCompiler.Debug = "True"
		Release.AspNetCompiler.VirtualPath = "/Ex21_3"
		Release.AspNetCompiler.PhysicalPath = "..\..\..\..\..\..\WebProjects\Ex21_3\"
		Release.AspNetCompiler.TargetPath = "PrecompiledWeb\Ex21_3\"
		Release.AspNetCompiler.Updateable = "true"
		Release.AspNetCompiler.ForceOverwrite = "true"
		Release.AspNetCompiler.FixedNames = "false"
		Release.AspNetCompiler.Debug = "False"
		VWDPort = "49792"
		DefaultWebSiteLanguage = "Visual C#"
	EndProjectSection
EndProject
Global
	GlobalSection(SolutionConfigurationPlatforms) = preSolution
		Debug|.NET = Debug|.NET
	EndGlobalSection
	GlobalSection(ProjectConfigurationPlatforms) = postSolution
		{B7BB410D-617C-4B5D-AF28-1409F20A5508}.Debug|.NET.ActiveCfg = Debug|.NET
		{B7BB410D-617C-4B5D-AF28-1409F20A5508}.Debug|.NET.Build.0 = Debug|.NET
	EndGlobalSection
	GlobalSection(SolutionProperties) = preSolution
		HideSolutionNode = FALSE
	EndGlobalSection
EndGlobal
