
Microsoft Visual Studio Solution File, Format Version 9.00
# Visual Studio 2005
Project("{FAE04EC0-301F-11D3-BF4B-00C04F79EFBC}") = "Ex20_4", "Ex20_4\Ex20_4.csproj", "{32AF9B90-ADD9-47FD-8E79-61F3A1BFFDEB}"
EndProject
Global
	GlobalSection(SolutionConfigurationPlatforms) = preSolution
		Debug|Any CPU = Debug|Any CPU
		Release|Any CPU = Release|Any CPU
	EndGlobalSection
	GlobalSection(ProjectConfigurationPlatforms) = postSolution
		{32AF9B90-ADD9-47FD-8E79-61F3A1BFFDEB}.Debug|Any CPU.ActiveCfg = Debug|Any CPU
		{32AF9B90-ADD9-47FD-8E79-61F3A1BFFDEB}.Debug|Any CPU.Build.0 = Debug|Any CPU
		{32AF9B90-ADD9-47FD-8E79-61F3A1BFFDEB}.Release|Any CPU.ActiveCfg = Release|Any CPU
		{32AF9B90-ADD9-47FD-8E79-61F3A1BFFDEB}.Release|Any CPU.Build.0 = Release|Any CPU
	EndGlobalSection
	GlobalSection(SolutionProperties) = preSolution
		HideSolutionNode = FALSE
	EndGlobalSection
EndGlobal
